
Microsoft Visual Studio Solution File, Format Version 12.00
# Visual Studio 15
Project("{FAE04EC0-301F-11D3-BF4B-00C04F79EFBC}") = "Assembly-CSharp", "Assembly-CSharp.csproj", "{F62C804A-E012-9DE6-7AA7-C0B34F630D5D}"
EndProject
Project("{FAE04EC0-301F-11D3-BF4B-00C04F79EFBC}") = "SteamVR", "SteamVR.csproj", "{3038185D-8533-7CE3-ED9E-40FA70C401FB}"
EndProject
Project("{FAE04EC0-301F-11D3-BF4B-00C04F79EFBC}") = "SteamVR_Editor", "SteamVR_Editor.csproj", "{1DF6F31B-4D63-A886-0D3E-5610D981A035}"
EndProject
Project("{FAE04EC0-301F-11D3-BF4B-00C04F79EFBC}") = "Assembly-CSharp-Editor", "Assembly-CSharp-Editor.csproj", "{5A6C2A1B-9CBD-9EB5-CCD6-8135101E1653}"
EndProject
Project("{FAE04EC0-301F-11D3-BF4B-00C04F79EFBC}") = "SteamVR_Input_Editor", "SteamVR_Input_Editor.csproj", "{6BDA0FCC-3BC6-8DE3-8CCF-C08D71AD5089}"
EndProject
Project("{FAE04EC0-301F-11D3-BF4B-00C04F79EFBC}") = "SteamVR_Windows_EditorHelper", "SteamVR_Windows_EditorHelper.csproj", "{229E53DA-05F4-EF47-F916-6F02894B0240}"
EndProject
Global
	GlobalSection(SolutionConfigurationPlatforms) = preSolution
		Debug|Any CPU = Debug|Any CPU
		Release|Any CPU = Release|Any CPU
	EndGlobalSection
	GlobalSection(ProjectConfigurationPlatforms) = postSolution
		{F62C804A-E012-9DE6-7AA7-C0B34F630D5D}.Debug|Any CPU.ActiveCfg = Debug|Any CPU
		{F62C804A-E012-9DE6-7AA7-C0B34F630D5D}.Debug|Any CPU.Build.0 = Debug|Any CPU
		{F62C804A-E012-9DE6-7AA7-C0B34F630D5D}.Release|Any CPU.ActiveCfg = Release|Any CPU
		{F62C804A-E012-9DE6-7AA7-C0B34F630D5D}.Release|Any CPU.Build.0 = Release|Any CPU
		{3038185D-8533-7CE3-ED9E-40FA70C401FB}.Debug|Any CPU.ActiveCfg = Debug|Any CPU
		{3038185D-8533-7CE3-ED9E-40FA70C401FB}.Debug|Any CPU.Build.0 = Debug|Any CPU
		{3038185D-8533-7CE3-ED9E-40FA70C401FB}.Release|Any CPU.ActiveCfg = Release|Any CPU
		{3038185D-8533-7CE3-ED9E-40FA70C401FB}.Release|Any CPU.Build.0 = Release|Any CPU
		{1DF6F31B-4D63-A886-0D3E-5610D981A035}.Debug|Any CPU.ActiveCfg = Debug|Any CPU
		{1DF6F31B-4D63-A886-0D3E-5610D981A035}.Debug|Any CPU.Build.0 = Debug|Any CPU
		{1DF6F31B-4D63-A886-0D3E-5610D981A035}.Release|Any CPU.ActiveCfg = Release|Any CPU
		{1DF6F31B-4D63-A886-0D3E-5610D981A035}.Release|Any CPU.Build.0 = Release|Any CPU
		{5A6C2A1B-9CBD-9EB5-CCD6-8135101E1653}.Debug|Any CPU.ActiveCfg = Debug|Any CPU
		{5A6C2A1B-9CBD-9EB5-CCD6-8135101E1653}.Debug|Any CPU.Build.0 = Debug|Any CPU
		{5A6C2A1B-9CBD-9EB5-CCD6-8135101E1653}.Release|Any CPU.ActiveCfg = Release|Any CPU
		{5A6C2A1B-9CBD-9EB5-CCD6-8135101E1653}.Release|Any CPU.Build.0 = Release|Any CPU
		{6BDA0FCC-3BC6-8DE3-8CCF-C08D71AD5089}.Debug|Any CPU.ActiveCfg = Debug|Any CPU
		{6BDA0FCC-3BC6-8DE3-8CCF-C08D71AD5089}.Debug|Any CPU.Build.0 = Debug|Any CPU
		{6BDA0FCC-3BC6-8DE3-8CCF-C08D71AD5089}.Release|Any CPU.ActiveCfg = Release|Any CPU
		{6BDA0FCC-3BC6-8DE3-8CCF-C08D71AD5089}.Release|Any CPU.Build.0 = Release|Any CPU
		{229E53DA-05F4-EF47-F916-6F02894B0240}.Debug|Any CPU.ActiveCfg = Debug|Any CPU
		{229E53DA-05F4-EF47-F916-6F02894B0240}.Debug|Any CPU.Build.0 = Debug|Any CPU
		{229E53DA-05F4-EF47-F916-6F02894B0240}.Release|Any CPU.ActiveCfg = Release|Any CPU
		{229E53DA-05F4-EF47-F916-6F02894B0240}.Release|Any CPU.Build.0 = Release|Any CPU
	EndGlobalSection
	GlobalSection(SolutionProperties) = preSolution
		HideSolutionNode = FALSE
	EndGlobalSection
EndGlobal
